
Microsoft Visual Studio Solution File, Format Version 12.00
# Visual Studio Version 17
VisualStudioVersion = 17.12.35527.113 d17.12
MinimumVisualStudioVersion = 10.0.40219.1
Project("{9A19103F-16F7-4668-BE54-9A1E7A4F7556}") = "Sezam.Data", "Data\Sezam.Data.csproj", "{16778C1E-7378-4449-9D10-7BC418BE5B9B}"
EndProject
Project("{9A19103F-16F7-4668-BE54-9A1E7A4F7556}") = "Sezam.Commands", "Commands\Sezam.Commands.csproj", "{020ED920-54B1-4238-83E8-452F9E5E0D45}"
EndProject
Project("{9A19103F-16F7-4668-BE54-9A1E7A4F7556}") = "Sezam.Console", "Console\Sezam.Console.csproj", "{59D59F66-48F9-430D-9D5A-F005621A509D}"
EndProject
Project("{9A19103F-16F7-4668-BE54-9A1E7A4F7556}") = "Sezam.Telnet", "Telnet\Sezam.Telnet.csproj", "{242E91F7-EB10-4D33-A4B2-9CF383FB5503}"
EndProject
Project("{9A19103F-16F7-4668-BE54-9A1E7A4F7556}") = "ZBB.Import", "Legacy\Import\ZBB.Import.csproj", "{564BA581-36D2-470E-A108-B4B920A0C96F}"
EndProject
Project("{9A19103F-16F7-4668-BE54-9A1E7A4F7556}") = "Sezam.Web", "Web\Sezam.Web.csproj", "{18DCCAE6-9E50-481F-9BB1-4C811DE9D21B}"
EndProject
Project("{2150E333-8FDC-42A3-9474-1A3956D46DE8}") = "Solution Items", "Solution Items", "{321198DB-0304-476F-8708-8515CD83265A}"
	ProjectSection(SolutionItems) = preProject
		Dockerfile = Dockerfile
	EndProjectSection
EndProject
Global
	GlobalSection(SolutionConfigurationPlatforms) = preSolution
		Debug|Any CPU = Debug|Any CPU
		Release|Any CPU = Release|Any CPU
	EndGlobalSection
	GlobalSection(ProjectConfigurationPlatforms) = postSolution
		{16778C1E-7378-4449-9D10-7BC418BE5B9B}.Debug|Any CPU.ActiveCfg = Debug|Any CPU
		{16778C1E-7378-4449-9D10-7BC418BE5B9B}.Debug|Any CPU.Build.0 = Debug|Any CPU
		{16778C1E-7378-4449-9D10-7BC418BE5B9B}.Release|Any CPU.ActiveCfg = Release|Any CPU
		{16778C1E-7378-4449-9D10-7BC418BE5B9B}.Release|Any CPU.Build.0 = Release|Any CPU
		{020ED920-54B1-4238-83E8-452F9E5E0D45}.Debug|Any CPU.ActiveCfg = Debug|Any CPU
		{020ED920-54B1-4238-83E8-452F9E5E0D45}.Debug|Any CPU.Build.0 = Debug|Any CPU
		{020ED920-54B1-4238-83E8-452F9E5E0D45}.Release|Any CPU.ActiveCfg = Release|Any CPU
		{020ED920-54B1-4238-83E8-452F9E5E0D45}.Release|Any CPU.Build.0 = Release|Any CPU
		{59D59F66-48F9-430D-9D5A-F005621A509D}.Debug|Any CPU.ActiveCfg = Debug|Any CPU
		{59D59F66-48F9-430D-9D5A-F005621A509D}.Debug|Any CPU.Build.0 = Debug|Any CPU
		{59D59F66-48F9-430D-9D5A-F005621A509D}.Release|Any CPU.ActiveCfg = Release|Any CPU
		{59D59F66-48F9-430D-9D5A-F005621A509D}.Release|Any CPU.Build.0 = Release|Any CPU
		{242E91F7-EB10-4D33-A4B2-9CF383FB5503}.Debug|Any CPU.ActiveCfg = Debug|Any CPU
		{242E91F7-EB10-4D33-A4B2-9CF383FB5503}.Debug|Any CPU.Build.0 = Debug|Any CPU
		{242E91F7-EB10-4D33-A4B2-9CF383FB5503}.Release|Any CPU.ActiveCfg = Release|Any CPU
		{242E91F7-EB10-4D33-A4B2-9CF383FB5503}.Release|Any CPU.Build.0 = Release|Any CPU
		{564BA581-36D2-470E-A108-B4B920A0C96F}.Debug|Any CPU.ActiveCfg = Debug|Any CPU
		{564BA581-36D2-470E-A108-B4B920A0C96F}.Debug|Any CPU.Build.0 = Debug|Any CPU
		{564BA581-36D2-470E-A108-B4B920A0C96F}.Release|Any CPU.ActiveCfg = Release|Any CPU
		{564BA581-36D2-470E-A108-B4B920A0C96F}.Release|Any CPU.Build.0 = Release|Any CPU
		{18DCCAE6-9E50-481F-9BB1-4C811DE9D21B}.Debug|Any CPU.ActiveCfg = Debug|Any CPU
		{18DCCAE6-9E50-481F-9BB1-4C811DE9D21B}.Debug|Any CPU.Build.0 = Debug|Any CPU
		{18DCCAE6-9E50-481F-9BB1-4C811DE9D21B}.Release|Any CPU.ActiveCfg = Release|Any CPU
		{18DCCAE6-9E50-481F-9BB1-4C811DE9D21B}.Release|Any CPU.Build.0 = Release|Any CPU
	EndGlobalSection
	GlobalSection(SolutionProperties) = preSolution
		HideSolutionNode = FALSE
	EndGlobalSection
	GlobalSection(ExtensibilityGlobals) = postSolution
		SolutionGuid = {81417DE1-3297-4369-BD90-82563135F4A2}
	EndGlobalSection
EndGlobal
